
Microsoft Visual Studio Solution File, Format Version 12.00
# Visual Studio Version 16
VisualStudioVersion = 16.0.29424.173
MinimumVisualStudioVersion = 10.0.40219.1
Project("{FAE04EC0-301F-11D3-BF4B-00C04F79EFBC}") = "Laab5", "Laab5\Laab5.csproj", "{D3F6C104-6165-407E-8E04-97CA97DCB0EE}"
EndProject
Global
	GlobalSection(SolutionConfigurationPlatforms) = preSolution
		Debug|Any CPU = Debug|Any CPU
		Release|Any CPU = Release|Any CPU
	EndGlobalSection
	GlobalSection(ProjectConfigurationPlatforms) = postSolution
		{D3F6C104-6165-407E-8E04-97CA97DCB0EE}.Debug|Any CPU.ActiveCfg = Debug|Any CPU
		{D3F6C104-6165-407E-8E04-97CA97DCB0EE}.Debug|Any CPU.Build.0 = Debug|Any CPU
		{D3F6C104-6165-407E-8E04-97CA97DCB0EE}.Release|Any CPU.ActiveCfg = Release|Any CPU
		{D3F6C104-6165-407E-8E04-97CA97DCB0EE}.Release|Any CPU.Build.0 = Release|Any CPU
	EndGlobalSection
	GlobalSection(SolutionProperties) = preSolution
		HideSolutionNode = FALSE
	EndGlobalSection
	GlobalSection(ExtensibilityGlobals) = postSolution
		SolutionGuid = {A85CB08D-BDB0-4B46-9C91-D0C7604307CC}
	EndGlobalSection
EndGlobal
